
Microsoft Visual Studio Solution File, Format Version 12.00
# Visual Studio Version 16
VisualStudioVersion = 16.0.30907.101
MinimumVisualStudioVersion = 10.0.40219.1
Project("{FAE04EC0-301F-11D3-BF4B-00C04F79EFBC}") = "HTTP5101_AssignmentTwo_EstevanCordero", "HTTP5101_AssignmentTwo_EstevanCordero\HTTP5101_AssignmentTwo_EstevanCordero.csproj", "{BA13E750-032B-46A6-807A-24303B91C710}"
EndProject
Global
	GlobalSection(SolutionConfigurationPlatforms) = preSolution
		Debug|Any CPU = Debug|Any CPU
		Release|Any CPU = Release|Any CPU
	EndGlobalSection
	GlobalSection(ProjectConfigurationPlatforms) = postSolution
		{BA13E750-032B-46A6-807A-24303B91C710}.Debug|Any CPU.ActiveCfg = Debug|Any CPU
		{BA13E750-032B-46A6-807A-24303B91C710}.Debug|Any CPU.Build.0 = Debug|Any CPU
		{BA13E750-032B-46A6-807A-24303B91C710}.Release|Any CPU.ActiveCfg = Release|Any CPU
		{BA13E750-032B-46A6-807A-24303B91C710}.Release|Any CPU.Build.0 = Release|Any CPU
	EndGlobalSection
	GlobalSection(SolutionProperties) = preSolution
		HideSolutionNode = FALSE
	EndGlobalSection
	GlobalSection(ExtensibilityGlobals) = postSolution
		SolutionGuid = {BAE044A7-4706-47E4-92B0-B85738198B9E}
	EndGlobalSection
EndGlobal
